
Microsoft Visual Studio Solution File, Format Version 12.00
# Visual Studio Version 16
VisualStudioVersion = 25.0.1703.8
MinimumVisualStudioVersion = 10.0.40219.1
Project("{FAE04EC0-301F-11D3-BF4B-00C04F79EFBC}") = "MongoAuthenticatorAPI", "MongoAuthenticatorAPI\MongoAuthenticatorAPI.csproj", "{8C0EBCF0-3A4F-4313-90EB-01CE09491A37}"
EndProject
Global
	GlobalSection(SolutionConfigurationPlatforms) = preSolution
		Debug|Any CPU = Debug|Any CPU
		Release|Any CPU = Release|Any CPU
	EndGlobalSection
	GlobalSection(ProjectConfigurationPlatforms) = postSolution
		{8C0EBCF0-3A4F-4313-90EB-01CE09491A37}.Debug|Any CPU.ActiveCfg = Debug|Any CPU
		{8C0EBCF0-3A4F-4313-90EB-01CE09491A37}.Debug|Any CPU.Build.0 = Debug|Any CPU
		{8C0EBCF0-3A4F-4313-90EB-01CE09491A37}.Release|Any CPU.ActiveCfg = Release|Any CPU
		{8C0EBCF0-3A4F-4313-90EB-01CE09491A37}.Release|Any CPU.Build.0 = Release|Any CPU
	EndGlobalSection
	GlobalSection(SolutionProperties) = preSolution
		HideSolutionNode = FALSE
	EndGlobalSection
	GlobalSection(ExtensibilityGlobals) = postSolution
		SolutionGuid = {31E8971A-5B55-4502-AAD6-812FEAEB98FF}
	EndGlobalSection
EndGlobal
